
Microsoft Visual Studio Solution File, Format Version 12.00
# Visual Studio Version 16
VisualStudioVersion = 16.0.31410.357
MinimumVisualStudioVersion = 10.0.40219.1
Project("{9A19103F-16F7-4668-BE54-9A1E7A4F7556}") = "CsGameServer", "CsGameServer\CsGameServer.csproj", "{D2C19161-2541-4D2F-8BB5-74C92C136171}"
EndProject
Project("{9A19103F-16F7-4668-BE54-9A1E7A4F7556}") = "DummyClient", "DummyClient\DummyClient.csproj", "{3ACB29BF-181C-4458-846E-575325F7542A}"
EndProject
Project("{FAE04EC0-301F-11D3-BF4B-00C04F79EFBC}") = "Server", "Server\Server.csproj", "{4DFA4EB8-4767-424B-A6F7-7DC2C5DD0642}"
EndProject
Project("{FAE04EC0-301F-11D3-BF4B-00C04F79EFBC}") = "ServerCore", "ServerCore\ServerCore.csproj", "{3EA13B4A-71C2-477E-AD42-3DA4D0AA5877}"
EndProject
Global
	GlobalSection(SolutionConfigurationPlatforms) = preSolution
		Debug|Any CPU = Debug|Any CPU
		Release|Any CPU = Release|Any CPU
	EndGlobalSection
	GlobalSection(ProjectConfigurationPlatforms) = postSolution
		{D2C19161-2541-4D2F-8BB5-74C92C136171}.Debug|Any CPU.ActiveCfg = Debug|Any CPU
		{D2C19161-2541-4D2F-8BB5-74C92C136171}.Debug|Any CPU.Build.0 = Debug|Any CPU
		{D2C19161-2541-4D2F-8BB5-74C92C136171}.Release|Any CPU.ActiveCfg = Release|Any CPU
		{D2C19161-2541-4D2F-8BB5-74C92C136171}.Release|Any CPU.Build.0 = Release|Any CPU
		{3ACB29BF-181C-4458-846E-575325F7542A}.Debug|Any CPU.ActiveCfg = Debug|Any CPU
		{3ACB29BF-181C-4458-846E-575325F7542A}.Debug|Any CPU.Build.0 = Debug|Any CPU
		{3ACB29BF-181C-4458-846E-575325F7542A}.Release|Any CPU.ActiveCfg = Release|Any CPU
		{3ACB29BF-181C-4458-846E-575325F7542A}.Release|Any CPU.Build.0 = Release|Any CPU
		{4DFA4EB8-4767-424B-A6F7-7DC2C5DD0642}.Debug|Any CPU.ActiveCfg = Debug|Any CPU
		{4DFA4EB8-4767-424B-A6F7-7DC2C5DD0642}.Debug|Any CPU.Build.0 = Debug|Any CPU
		{4DFA4EB8-4767-424B-A6F7-7DC2C5DD0642}.Release|Any CPU.ActiveCfg = Release|Any CPU
		{4DFA4EB8-4767-424B-A6F7-7DC2C5DD0642}.Release|Any CPU.Build.0 = Release|Any CPU
		{3EA13B4A-71C2-477E-AD42-3DA4D0AA5877}.Debug|Any CPU.ActiveCfg = Debug|Any CPU
		{3EA13B4A-71C2-477E-AD42-3DA4D0AA5877}.Debug|Any CPU.Build.0 = Debug|Any CPU
		{3EA13B4A-71C2-477E-AD42-3DA4D0AA5877}.Release|Any CPU.ActiveCfg = Release|Any CPU
		{3EA13B4A-71C2-477E-AD42-3DA4D0AA5877}.Release|Any CPU.Build.0 = Release|Any CPU
	EndGlobalSection
	GlobalSection(SolutionProperties) = preSolution
		HideSolutionNode = FALSE
	EndGlobalSection
	GlobalSection(ExtensibilityGlobals) = postSolution
		SolutionGuid = {121511DA-FF4C-4F3C-8C23-C91EECE7847E}
	EndGlobalSection
EndGlobal
